
Microsoft Visual Studio Solution File, Format Version 12.00
# Visual Studio 15
VisualStudioVersion = 15.0.27428.2005
MinimumVisualStudioVersion = 10.0.40219.1
Project("{FAE04EC0-301F-11D3-BF4B-00C04F79EFBC}") = "PID_Application", "PID_Application\PID_Application.csproj", "{FE719527-EAD8-4763-A9EF-77CCC1D39770}"
EndProject
Global
	GlobalSection(SolutionConfigurationPlatforms) = preSolution
		Debug|Any CPU = Debug|Any CPU
		Release|Any CPU = Release|Any CPU
	EndGlobalSection
	GlobalSection(ProjectConfigurationPlatforms) = postSolution
		{FE719527-EAD8-4763-A9EF-77CCC1D39770}.Debug|Any CPU.ActiveCfg = Debug|Any CPU
		{FE719527-EAD8-4763-A9EF-77CCC1D39770}.Debug|Any CPU.Build.0 = Debug|Any CPU
		{FE719527-EAD8-4763-A9EF-77CCC1D39770}.Release|Any CPU.ActiveCfg = Release|Any CPU
		{FE719527-EAD8-4763-A9EF-77CCC1D39770}.Release|Any CPU.Build.0 = Release|Any CPU
	EndGlobalSection
	GlobalSection(SolutionProperties) = preSolution
		HideSolutionNode = FALSE
	EndGlobalSection
	GlobalSection(ExtensibilityGlobals) = postSolution
		SolutionGuid = {FE61E4B9-2AF3-4082-A9AF-B886A7288E57}
	EndGlobalSection
EndGlobal
